
Microsoft Visual Studio Solution File, Format Version 12.00
# Visual Studio Version 17
VisualStudioVersion = 17.2.32505.173
MinimumVisualStudioVersion = 10.0.40219.1
Project("{8BC9CEB8-8B4A-11D0-8D11-00A0C91BC942}") = "data final project", "data final project\data final project.vcxproj", "{0F2C3357-017A-4D3A-A9B6-855313037057}"
EndProject
Global
	GlobalSection(SolutionConfigurationPlatforms) = preSolution
		Debug|x64 = Debug|x64
		Debug|x86 = Debug|x86
		Release|x64 = Release|x64
		Release|x86 = Release|x86
	EndGlobalSection
	GlobalSection(ProjectConfigurationPlatforms) = postSolution
		{0F2C3357-017A-4D3A-A9B6-855313037057}.Debug|x64.ActiveCfg = Debug|x64
		{0F2C3357-017A-4D3A-A9B6-855313037057}.Debug|x64.Build.0 = Debug|x64
		{0F2C3357-017A-4D3A-A9B6-855313037057}.Debug|x86.ActiveCfg = Debug|Win32
		{0F2C3357-017A-4D3A-A9B6-855313037057}.Debug|x86.Build.0 = Debug|Win32
		{0F2C3357-017A-4D3A-A9B6-855313037057}.Release|x64.ActiveCfg = Release|x64
		{0F2C3357-017A-4D3A-A9B6-855313037057}.Release|x64.Build.0 = Release|x64
		{0F2C3357-017A-4D3A-A9B6-855313037057}.Release|x86.ActiveCfg = Release|Win32
		{0F2C3357-017A-4D3A-A9B6-855313037057}.Release|x86.Build.0 = Release|Win32
	EndGlobalSection
	GlobalSection(SolutionProperties) = preSolution
		HideSolutionNode = FALSE
	EndGlobalSection
	GlobalSection(ExtensibilityGlobals) = postSolution
		SolutionGuid = {3B3452C5-2556-4B1E-ACEB-590523A3BCF6}
	EndGlobalSection
EndGlobal
